// !$*UTF8*$!
{
	archiveVersion = 1;
	classes = {
	};
	objectVersion = 46;
	objects = {

/* Begin PBXBuildFile section */
		37D2E5C01AD2B77400CE0135 /* AppDelegate.swift in Sources */ = {isa = PBXBuildFile; fileRef = 37D2E5BF1AD2B77400CE0135 /* AppDelegate.swift */; };
		37D2E5C31AD2B77400CE0135 /* Psychologist.xcdatamodeld in Sources */ = {isa = PBXBuildFile; fileRef = 37D2E5C11AD2B77400CE0135 /* Psychologist.xcdatamodeld */; };
		37D2E5C51AD2B77400CE0135 /* ViewController.swift in Sources */ = {isa = PBXBuildFile; fileRef = 37D2E5C41AD2B77400CE0135 /* ViewController.swift */; };
		37D2E5C81AD2B77400CE0135 /* Main.storyboard in Resources */ = {isa = PBXBuildFile; fileRef = 37D2E5C61AD2B77400CE0135 /* Main.storyboard */; };
		37D2E5CA1AD2B77400CE0135 /* Images.xcassets in Resources */ = {isa = PBXBuildFile; fileRef = 37D2E5C91AD2B77400CE0135 /* Images.xcassets */; };
		37D2E5CD1AD2B77400CE0135 /* LaunchScreen.xib in Resources */ = {isa = PBXBuildFile; fileRef = 37D2E5CB1AD2B77400CE0135 /* LaunchScreen.xib */; };
		37D2E5D91AD2B77400CE0135 /* PsychologistTests.swift in Sources */ = {isa = PBXBuildFile; fileRef = 37D2E5D81AD2B77400CE0135 /* PsychologistTests.swift */; };
/* End PBXBuildFile section */

/* Begin PBXContainerItemProxy section */
		37D2E5D31AD2B77400CE0135 /* PBXContainerItemProxy */ = {
			isa = PBXContainerItemProxy;
			containerPortal = 37D2E5B21AD2B77300CE0135 /* Project object */;
			proxyType = 1;
			remoteGlobalIDString = 37D2E5B91AD2B77400CE0135;
			remoteInfo = Psychologist;
		};
/* End PBXContainerItemProxy section */

/* Begin PBXFileReference section */
		37D2E5BA1AD2B77400CE0135 /* Psychologist.app */ = {isa = PBXFileReference; explicitFileType = wrapper.application; includeInIndex = 0; path = Psychologist.app; sourceTree = BUILT_PRODUCTS_DIR; };
		37D2E5BE1AD2B77400CE0135 /* Info.plist */ = {isa = PBXFileReference; lastKnownFileType = text.plist.xml; path = Info.plist; sourceTree = "<group>"; };
		37D2E5BF1AD2B77400CE0135 /* AppDelegate.swift */ = {isa = PBXFileReference; lastKnownFileType = sourcecode.swift; path = AppDelegate.swift; sourceTree = "<group>"; };
		37D2E5C21AD2B77400CE0135 /* Psychologist.xcdatamodel */ = {isa = PBXFileReference; lastKnownFileType = wrapper.xcdatamodel; path = Psychologist.xcdatamodel; sourceTree = "<group>"; };
		37D2E5C41AD2B77400CE0135 /* ViewController.swift */ = {isa = PBXFileReference; lastKnownFileType = sourcecode.swift; path = ViewController.swift; sourceTree = "<group>"; };
		37D2E5C71AD2B77400CE0135 /* Base */ = {isa = PBXFileReference; lastKnownFileType = file.storyboard; name = Base; path = Base.lproj/Main.storyboard; sourceTree = "<group>"; };
		37D2E5C91AD2B77400CE0135 /* Images.xcassets */ = {isa = PBXFileReference; lastKnownFileType = folder.assetcatalog; path = Images.xcassets; sourceTree = "<group>"; };
		37D2E5CC1AD2B77400CE0135 /* Base */ = {isa = PBXFileReference; lastKnownFileType = file.xib; name = Base; path = Base.lproj/LaunchScreen.xib; sourceTree = "<group>"; };
		37D2E5D21AD2B77400CE0135 /* PsychologistTests.xctest */ = {isa = PBXFileReference; explicitFileType = wrapper.cfbundle; includeInIndex = 0; path = PsychologistTests.xctest; sourceTree = BUILT_PRODUCTS_DIR; };
		37D2E5D71AD2B77400CE0135 /* Info.plist */ = {isa = PBXFileReference; lastKnownFileType = text.plist.xml; path = Info.plist; sourceTree = "<group>"; };
		37D2E5D81AD2B77400CE0135 /* PsychologistTests.swift */ = {isa = PBXFileReference; lastKnownFileType = sourcecode.swift; path = PsychologistTests.swift; sourceTree = "<group>"; };
/* End PBXFileReference section */

/* Begin PBXFrameworksBuildPhase section */
		37D2E5B71AD2B77400CE0135 /* Frameworks */ = {
			isa = PBXFrameworksBuildPhase;
			buildActionMask = 2147483647;
			files = (
			);
			runOnlyForDeploymentPostprocessing = 0;
		};
		37D2E5CF1AD2B77400CE0135 /* Frameworks */ = {
			isa = PBXFrameworksBuildPhase;
			buildActionMask = 2147483647;
			files = (
			);
			runOnlyForDeploymentPostprocessing = 0;
		};
/* End PBXFrameworksBuildPhase section */

/* Begin PBXGroup section */
		37D2E5B11AD2B77300CE0135 = {
			isa = PBXGroup;
			children = (
				37D2E5BC1AD2B77400CE0135 /* Psychologist */,
				37D2E5D51AD2B77400CE0135 /* PsychologistTests */,
				37D2E5BB1AD2B77400CE0135 /* Products */,
			);
			sourceTree = "<group>";
		};
		37D2E5BB1AD2B77400CE0135 /* Products */ = {
			isa = PBXGroup;
			children = (
				37D2E5BA1AD2B77400CE0135 /* Psychologist.app */,
				37D2E5D21AD2B77400CE0135 /* PsychologistTests.xctest */,
			);
			name = Products;
			sourceTree = "<group>";
		};
		37D2E5BC1AD2B77400CE0135 /* Psychologist */ = {
			isa = PBXGroup;
			children = (
				37D2E5BF1AD2B77400CE0135 /* AppDelegate.swift */,
				37D2E5C41AD2B77400CE0135 /* ViewController.swift */,
				37D2E5C61AD2B77400CE0135 /* Main.storyboard */,
				37D2E5C91AD2B77400CE0135 /* Images.xcassets */,
				37D2E5CB1AD2B77400CE0135 /* LaunchScreen.xib */,
				37D2E5C11AD2B77400CE0135 /* Psychologist.xcdatamodeld */,
				37D2E5BD1AD2B77400CE0135 /* Supporting Files */,
			);
			path = Psychologist;
			sourceTree = "<group>";
		};
		37D2E5BD1AD2B77400CE0135 /* Supporting Files */ = {
			isa = PBXGroup;
			children = (
				37D2E5BE1AD2B77400CE0135 /* Info.plist */,
			);
			name = "Supporting Files";
			sourceTree = "<group>";
		};
		37D2E5D51AD2B77400CE0135 /* PsychologistTests */ = {
			isa = PBXGroup;
			children = (
				37D2E5D81AD2B77400CE0135 /* PsychologistTests.swift */,
				37D2E5D61AD2B77400CE0135 /* Supporting Files */,
			);
			path = PsychologistTests;
			sourceTree = "<group>";
		};
		37D2E5D61AD2B77400CE0135 /* Supporting Files */ = {
			isa = PBXGroup;
			children = (
				37D2E5D71AD2B77400CE0135 /* Info.plist */,
			);
			name = "Supporting Files";
			sourceTree = "<group>";
		};
/* End PBXGroup section */

/* Begin PBXNativeTarget section */
		37D2E5B91AD2B77400CE0135 /* Psychologist */ = {
			isa = PBXNativeTarget;
			buildConfigurationList = 37D2E5DC1AD2B77400CE0135 /* Build configuration list for PBXNativeTarget "Psychologist" */;
			buildPhases = (
				37D2E5B61AD2B77400CE0135 /* Sources */,
				37D2E5B71AD2B77400CE0135 /* Frameworks */,
				37D2E5B81AD2B77400CE0135 /* Resources */,
			);
			buildRules = (
			);
			dependencies = (
			);
			name = Psychologist;
			productName = Psychologist;
			productReference = 37D2E5BA1AD2B77400CE0135 /* Psychologist.app */;
			productType = "com.apple.product-type.application";
		};
		37D2E5D11AD2B77400CE0135 /* PsychologistTests */ = {
			isa = PBXNativeTarget;
			buildConfigurationList = 37D2E5DF1AD2B77400CE0135 /* Build configuration list for PBXNativeTarget "PsychologistTests" */;
			buildPhases = (
				37D2E5CE1AD2B77400CE0135 /* Sources */,
				37D2E5CF1AD2B77400CE0135 /* Frameworks */,
				37D2E5D01AD2B77400CE0135 /* Resources */,
			);
			buildRules = (
			);
			dependencies = (
				37D2E5D41AD2B77400CE0135 /* PBXTargetDependency */,
			);
			name = PsychologistTests;
			productName = PsychologistTests;
			productReference = 37D2E5D21AD2B77400CE0135 /* PsychologistTests.xctest */;
			productType = "com.apple.product-type.bundle.unit-test";
		};
/* End PBXNativeTarget section */

/* Begin PBXProject section */
		37D2E5B21AD2B77300CE0135 /* Project object */ = {
			isa = PBXProject;
			attributes = {
				LastUpgradeCheck = 0610;
				ORGANIZATIONNAME = cindy;
				TargetAttributes = {
					37D2E5B91AD2B77400CE0135 = {
						CreatedOnToolsVersion = 6.1;
					};
					37D2E5D11AD2B77400CE0135 = {
						CreatedOnToolsVersion = 6.1;
						TestTargetID = 37D2E5B91AD2B77400CE0135;
					};
				};
			};
			buildConfigurationList = 37D2E5B51AD2B77300CE0135 /* Build configuration list for PBXProject "Psychologist" */;
			compatibilityVersion = "Xcode 3.2";
			developmentRegion = English;
			hasScannedForEncodings = 0;
			knownRegions = (
				en,
				Base,
			);
			mainGroup = 37D2E5B11AD2B77300CE0135;
			productRefGroup = 37D2E5BB1AD2B77400CE0135 /* Products */;
			projectDirPath = "";
			projectRoot = "";
			targets = (
				37D2E5B91AD2B77400CE0135 /* Psychologist */,
				37D2E5D11AD2B77400CE0135 /* PsychologistTests */,
			);
		};
/* End PBXProject section */

/* Begin PBXResourcesBuildPhase section */
		37D2E5B81AD2B77400CE0135 /* Resources */ = {
			isa = PBXResourcesBuildPhase;
			buildActionMask = 2147483647;
			files = (
				37D2E5C81AD2B77400CE0135 /* Main.storyboard in Resources */,
				37D2E5CD1AD2B77400CE0135 /* LaunchScreen.xib in Resources */,
				37D2E5CA1AD2B77400CE0135 /* Images.xcassets in Resources */,
			);
			runOnlyForDeploymentPostprocessing = 0;
		};
		37D2E5D01AD2B77400CE0135 /* Resources */ = {
			isa = PBXResourcesBuildPhase;
			buildActionMask = 2147483647;
			files = (
			);
			runOnlyForDeploymentPostprocessing = 0;
		};
/* End PBXResourcesBuildPhase section */

/* Begin PBXSourcesBuildPhase section */
		37D2E5B61AD2B77400CE0135 /* Sources */ = {
			isa = PBXSourcesBuildPhase;
			buildActionMask = 2147483647;
			files = (
				37D2E5C51AD2B77400CE0135 /* ViewController.swift in Sources */,
				37D2E5C01AD2B77400CE0135 /* AppDelegate.swift in Sources */,
				37D2E5C31AD2B77400CE0135 /* Psychologist.xcdatamodeld in Sources */,
			);
			runOnlyForDeploymentPostprocessing = 0;
		};
		37D2E5CE1AD2B77400CE0135 /* Sources */ = {
			isa = PBXSourcesBuildPhase;
			buildActionMask = 2147483647;
			files = (
				37D2E5D91AD2B77400CE0135 /* PsychologistTests.swift in Sources */,
			);
			runOnlyForDeploymentPostprocessing = 0;
		};
/* End PBXSourcesBuildPhase section */

/* Begin PBXTargetDependency section */
		37D2E5D41AD2B77400CE0135 /* PBXTargetDependency */ = {
			isa = PBXTargetDependency;
			target = 37D2E5B91AD2B77400CE0135 /* Psychologist */;
			targetProxy = 37D2E5D31AD2B77400CE0135 /* PBXContainerItemProxy */;
		};
/* End PBXTargetDependency section */

/* Begin PBXVariantGroup section */
		37D2E5C61AD2B77400CE0135 /* Main.storyboard */ = {
			isa = PBXVariantGroup;
			children = (
				37D2E5C71AD2B77400CE0135 /* Base */,
			);
			name = Main.storyboard;
			sourceTree = "<group>";
		};
		37D2E5CB1AD2B77400CE0135 /* LaunchScreen.xib */ = {
			isa = PBXVariantGroup;
			children = (
				37D2E5CC1AD2B77400CE0135 /* Base */,
			);
			name = LaunchScreen.xib;
			sourceTree = "<group>";
		};
/* End PBXVariantGroup section */

/* Begin XCBuildConfiguration section */
		37D2E5DA1AD2B77400CE0135 /* Debug */ = {
			isa = XCBuildConfiguration;
			buildSettings = {
				ALWAYS_SEARCH_USER_PATHS = NO;
				CLANG_CXX_LANGUAGE_STANDARD = "gnu++0x";
				CLANG_CXX_LIBRARY = "libc++";
				CLANG_ENABLE_MODULES = YES;
				CLANG_ENABLE_OBJC_ARC = YES;
				CLANG_WARN_BOOL_CONVERSION = YES;
				CLANG_WARN_CONSTANT_CONVERSION = YES;
				CLANG_WARN_DIRECT_OBJC_ISA_USAGE = YES_ERROR;
				CLANG_WARN_EMPTY_BODY = YES;
				CLANG_WARN_ENUM_CONVERSION = YES;
				CLANG_WARN_INT_CONVERSION = YES;
				CLANG_WARN_OBJC_ROOT_CLASS = YES_ERROR;
				CLANG_WARN_UNREACHABLE_CODE = YES;
				CLANG_WARN__DUPLICATE_METHOD_MATCH = YES;
				"CODE_SIGN_IDENTITY[sdk=iphoneos*]" = "iPhone Developer";
				COPY_PHASE_STRIP = NO;
				ENABLE_STRICT_OBJC_MSGSEND = YES;
				GCC_C_LANGUAGE_STANDARD = gnu99;
				GCC_DYNAMIC_NO_PIC = NO;
				GCC_OPTIMIZATION_LEVEL = 0;
				GCC_PREPROCESSOR_DEFINITIONS = (
					"DEBUG=1",
					"$(inherited)",
				);
				GCC_SYMBOLS_PRIVATE_EXTERN = NO;
				GCC_WARN_64_TO_32_BIT_CONVERSION = YES;
				GCC_WARN_ABOUT_RETURN_TYPE = YES_ERROR;
				GCC_WARN_UNDECLARED_SELECTOR = YES;
				GCC_WARN_UNINITIALIZED_AUTOS = YES_AGGRESSIVE;
				GCC_WARN_UNUSED_FUNCTION = YES;
				GCC_WARN_UNUSED_VARIABLE = YES;
				IPHONEOS_DEPLOYMENT_TARGET = 8.1;
				MTL_ENABLE_DEBUG_INFO = YES;
				ONLY_ACTIVE_ARCH = YES;
				SDKROOT = iphoneos;
				SWIFT_OPTIMIZATION_LEVEL = "-Onone";
			};
			name = Debug;
		};
		37D2E5DB1AD2B77400CE0135 /* Release */ = {
			isa = XCBuildConfiguration;
			buildSettings = {
				ALWAYS_SEARCH_USER_PATHS = NO;
				CLANG_CXX_LANGUAGE_STANDARD = "gnu++0x";
				CLANG_CXX_LIBRARY = "libc++";
				CLANG_ENABLE_MODULES = YES;
				CLANG_ENABLE_OBJC_ARC = YES;
				CLANG_WARN_BOOL_CONVERSION = YES;
				CLANG_WARN_CONSTANT_CONVERSION = YES;
				CLANG_WARN_DIRECT_OBJC_ISA_USAGE = YES_ERROR;
				CLANG_WARN_EMPTY_BODY = YES;
				CLANG_WARN_ENUM_CONVERSION = YES;
				CLANG_WARN_INT_CONVERSION = YES;
				CLANG_WARN_OBJC_ROOT_CLASS = YES_ERROR;
				CLANG_WARN_UNREACHABLE_CODE = YES;
				CLANG_WARN__DUPLICATE_METHOD_MATCH = YES;
				"CODE_SIGN_IDENTITY[sdk=iphoneos*]" = "iPhone Developer";
				COPY_PHASE_STRIP = YES;
				ENABLE_NS_ASSERTIONS = NO;
				ENABLE_STRICT_OBJC_MSGSEND = YES;
				GCC_C_LANGUAGE_STANDARD = gnu99;
				GCC_WARN_64_TO_32_BIT_CONVERSION = YES;
				GCC_WARN_ABOUT_RETURN_TYPE = YES_ERROR;
				GCC_WARN_UNDECLARED_SELECTOR = YES;
				GCC_WARN_UNINITIALIZED_AUTOS = YES_AGGRESSIVE;
				GCC_WARN_UNUSED_FUNCTION = YES;
				GCC_WARN_UNUSED_VARIABLE = YES;
				IPHONEOS_DEPLOYMENT_TARGET = 8.1;
				MTL_ENABLE_DEBUG_INFO = NO;
				SDKROOT = iphoneos;
				VALIDATE_PRODUCT = YES;
			};
			name = Release;
		};
		37D2E5DD1AD2B77400CE0135 /* Debug */ = {
			isa = XCBuildConfiguration;
			buildSettings = {
				ASSETCATALOG_COMPILER_APPICON_NAME = AppIcon;
				INFOPLIST_FILE = Psychologist/Info.plist;
				LD_RUNPATH_SEARCH_PATHS = "$(inherited) @executable_path/Frameworks";
				PRODUCT_NAME = "$(TARGET_NAME)";
			};
			name = Debug;
		};
		37D2E5DE1AD2B77400CE0135 /* Release */ = {
			isa = XCBuildConfiguration;
			buildSettings = {
				ASSETCATALOG_COMPILER_APPICON_NAME = AppIcon;
				INFOPLIST_FILE = Psychologist/Info.plist;
				LD_RUNPATH_SEARCH_PATHS = "$(inherited) @executable_path/Frameworks";
				PRODUCT_NAME = "$(TARGET_NAME)";
			};
			name = Release;
		};
		37D2E5E01AD2B77400CE0135 /* Debug */ = {
			isa = XCBuildConfiguration;
			buildSettings = {
				BUNDLE_LOADER = "$(TEST_HOST)";
				FRAMEWORK_SEARCH_PATHS = (
					"$(SDKROOT)/Developer/Library/Frameworks",
					"$(inherited)",
				);
				GCC_PREPROCESSOR_DEFINITIONS = (
					"DEBUG=1",
					"$(inherited)",
				);
				INFOPLIST_FILE = PsychologistTests/Info.plist;
				LD_RUNPATH_SEARCH_PATHS = "$(inherited) @executable_path/Frameworks @loader_path/Frameworks";
				PRODUCT_NAME = "$(TARGET_NAME)";
				TEST_HOST = "$(BUILT_PRODUCTS_DIR)/Psychologist.app/Psychologist";
			};
			name = Debug;
		};
		37D2E5E11AD2B77400CE0135 /* Release */ = {
			isa = XCBuildConfiguration;
			buildSettings = {
				BUNDLE_LOADER = "$(TEST_HOST)";
				FRAMEWORK_SEARCH_PATHS = (
					"$(SDKROOT)/Developer/Library/Frameworks",
					"$(inherited)",
				);
				INFOPLIST_FILE = PsychologistTests/Info.plist;
				LD_RUNPATH_SEARCH_PATHS = "$(inherited) @executable_path/Frameworks @loader_path/Frameworks";
				PRODUCT_NAME = "$(TARGET_NAME)";
				TEST_HOST = "$(BUILT_PRODUCTS_DIR)/Psychologist.app/Psychologist";
			};
			name = Release;
		};
/* End XCBuildConfiguration section */

/* Begin XCConfigurationList section */
		37D2E5B51AD2B77300CE0135 /* Build configuration list for PBXProject "Psychologist" */ = {
			isa = XCConfigurationList;
			buildConfigurations = (
				37D2E5DA1AD2B77400CE0135 /* Debug */,
				37D2E5DB1AD2B77400CE0135 /* Release */,
			);
			defaultConfigurationIsVisible = 0;
			defaultConfigurationName = Release;
		};
		37D2E5DC1AD2B77400CE0135 /* Build configuration list for PBXNativeTarget "Psychologist" */ = {
			isa = XCConfigurationList;
			buildConfigurations = (
				37D2E5DD1AD2B77400CE0135 /* Debug */,
				37D2E5DE1AD2B77400CE0135 /* Release */,
			);
			defaultConfigurationIsVisible = 0;
		};
		37D2E5DF1AD2B77400CE0135 /* Build configuration list for PBXNativeTarget "PsychologistTests" */ = {
			isa = XCConfigurationList;
			buildConfigurations = (
				37D2E5E01AD2B77400CE0135 /* Debug */,
				37D2E5E11AD2B77400CE0135 /* Release */,
			);
			defaultConfigurationIsVisible = 0;
		};
/* End XCConfigurationList section */

/* Begin XCVersionGroup section */
		37D2E5C11AD2B77400CE0135 /* Psychologist.xcdatamodeld */ = {
			isa = XCVersionGroup;
			children = (
				37D2E5C21AD2B77400CE0135 /* Psychologist.xcdatamodel */,
			);
			currentVersion = 37D2E5C21AD2B77400CE0135 /* Psychologist.xcdatamodel */;
			path = Psychologist.xcdatamodeld;
			sourceTree = "<group>";
			versionGroupType = wrapper.xcdatamodel;
		};
/* End XCVersionGroup section */
	};
	rootObject = 37D2E5B21AD2B77300CE0135 /* Project object */;
}
